
Microsoft Visual Studio Solution File, Format Version 12.00
# Visual Studio 14
VisualStudioVersion = 14.0.25420.1
MinimumVisualStudioVersion = 10.0.40219.1
Project("{FAE04EC0-301F-11D3-BF4B-00C04F79EFBC}") = "FairfieldTekLLC.Tiny.Udp.Example.Client.Mono", "Examples\FairfieldTekLLC.Tiny.Udp.Example.Client.Mono\FairfieldTekLLC.Tiny.Udp.Example.Client.Mono.csproj", "{76763C3F-2E62-40C3-B9CD-E847410C4264}"
EndProject
Project("{2150E333-8FDC-42A3-9474-1A3956D46DE8}") = "Examples", "Examples", "{9264AA8A-3246-4516-A10F-14E1D003FE85}"
EndProject
Project("{2150E333-8FDC-42A3-9474-1A3956D46DE8}") = "Server", "Server", "{158166EF-CFC2-446E-9BCC-C22B1FA4C9D4}"
EndProject
Project("{FAE04EC0-301F-11D3-BF4B-00C04F79EFBC}") = "FairfieldTekLLC.Tiny.Udp.Example.Server", "Examples\FairfieldTekLLC.Tiny.Udp.Example.Server\FairfieldTekLLC.Tiny.Udp.Example.Server.csproj", "{1CB315FC-2C10-493C-9BFF-7AF43385411C}"
EndProject
Project("{FAE04EC0-301F-11D3-BF4B-00C04F79EFBC}") = "FairfieldTekLLC.Tiny.Udp.Server", "Server\FairfieldTekLLC.Tiny.Udp.Server\FairfieldTekLLC.Tiny.Udp.Server.csproj", "{D2D287B7-FF6A-43D4-841C-6279B6B92B79}"
EndProject
Project("{FAE04EC0-301F-11D3-BF4B-00C04F79EFBC}") = "FairfieldTekLLC.Tiny.Udp.Server.Common", "Server\FairfieldTekLLC.Tiny.Udp.Server.Common\FairfieldTekLLC.Tiny.Udp.Server.Common.csproj", "{08ACD983-E889-4173-990B-5551AA0554D1}"
EndProject
Global
	GlobalSection(SolutionConfigurationPlatforms) = preSolution
		Debug|Any CPU = Debug|Any CPU
		Debug|x64 = Debug|x64
		Debug|x86 = Debug|x86
		Release|Any CPU = Release|Any CPU
		Release|x64 = Release|x64
		Release|x86 = Release|x86
	EndGlobalSection
	GlobalSection(ProjectConfigurationPlatforms) = postSolution
		{76763C3F-2E62-40C3-B9CD-E847410C4264}.Debug|Any CPU.ActiveCfg = Debug|Any CPU
		{76763C3F-2E62-40C3-B9CD-E847410C4264}.Debug|Any CPU.Build.0 = Debug|Any CPU
		{76763C3F-2E62-40C3-B9CD-E847410C4264}.Debug|x64.ActiveCfg = Debug|Any CPU
		{76763C3F-2E62-40C3-B9CD-E847410C4264}.Debug|x64.Build.0 = Debug|Any CPU
		{76763C3F-2E62-40C3-B9CD-E847410C4264}.Debug|x86.ActiveCfg = Debug|Any CPU
		{76763C3F-2E62-40C3-B9CD-E847410C4264}.Debug|x86.Build.0 = Debug|Any CPU
		{76763C3F-2E62-40C3-B9CD-E847410C4264}.Release|Any CPU.ActiveCfg = Release|Any CPU
		{76763C3F-2E62-40C3-B9CD-E847410C4264}.Release|Any CPU.Build.0 = Release|Any CPU
		{76763C3F-2E62-40C3-B9CD-E847410C4264}.Release|x64.ActiveCfg = Release|Any CPU
		{76763C3F-2E62-40C3-B9CD-E847410C4264}.Release|x64.Build.0 = Release|Any CPU
		{76763C3F-2E62-40C3-B9CD-E847410C4264}.Release|x86.ActiveCfg = Release|Any CPU
		{76763C3F-2E62-40C3-B9CD-E847410C4264}.Release|x86.Build.0 = Release|Any CPU
		{1CB315FC-2C10-493C-9BFF-7AF43385411C}.Debug|Any CPU.ActiveCfg = Debug|Any CPU
		{1CB315FC-2C10-493C-9BFF-7AF43385411C}.Debug|Any CPU.Build.0 = Debug|Any CPU
		{1CB315FC-2C10-493C-9BFF-7AF43385411C}.Debug|x64.ActiveCfg = Debug|Any CPU
		{1CB315FC-2C10-493C-9BFF-7AF43385411C}.Debug|x64.Build.0 = Debug|Any CPU
		{1CB315FC-2C10-493C-9BFF-7AF43385411C}.Debug|x86.ActiveCfg = Debug|Any CPU
		{1CB315FC-2C10-493C-9BFF-7AF43385411C}.Debug|x86.Build.0 = Debug|Any CPU
		{1CB315FC-2C10-493C-9BFF-7AF43385411C}.Release|Any CPU.ActiveCfg = Release|Any CPU
		{1CB315FC-2C10-493C-9BFF-7AF43385411C}.Release|Any CPU.Build.0 = Release|Any CPU
		{1CB315FC-2C10-493C-9BFF-7AF43385411C}.Release|x64.ActiveCfg = Release|Any CPU
		{1CB315FC-2C10-493C-9BFF-7AF43385411C}.Release|x64.Build.0 = Release|Any CPU
		{1CB315FC-2C10-493C-9BFF-7AF43385411C}.Release|x86.ActiveCfg = Release|Any CPU
		{1CB315FC-2C10-493C-9BFF-7AF43385411C}.Release|x86.Build.0 = Release|Any CPU
		{D2D287B7-FF6A-43D4-841C-6279B6B92B79}.Debug|Any CPU.ActiveCfg = Debug|Any CPU
		{D2D287B7-FF6A-43D4-841C-6279B6B92B79}.Debug|Any CPU.Build.0 = Debug|Any CPU
		{D2D287B7-FF6A-43D4-841C-6279B6B92B79}.Debug|x64.ActiveCfg = Debug|x64
		{D2D287B7-FF6A-43D4-841C-6279B6B92B79}.Debug|x64.Build.0 = Debug|x64
		{D2D287B7-FF6A-43D4-841C-6279B6B92B79}.Debug|x86.ActiveCfg = Debug|x86
		{D2D287B7-FF6A-43D4-841C-6279B6B92B79}.Debug|x86.Build.0 = Debug|x86
		{D2D287B7-FF6A-43D4-841C-6279B6B92B79}.Release|Any CPU.ActiveCfg = Release|Any CPU
		{D2D287B7-FF6A-43D4-841C-6279B6B92B79}.Release|Any CPU.Build.0 = Release|Any CPU
		{D2D287B7-FF6A-43D4-841C-6279B6B92B79}.Release|x64.ActiveCfg = Release|x64
		{D2D287B7-FF6A-43D4-841C-6279B6B92B79}.Release|x64.Build.0 = Release|x64
		{D2D287B7-FF6A-43D4-841C-6279B6B92B79}.Release|x86.ActiveCfg = Release|x86
		{D2D287B7-FF6A-43D4-841C-6279B6B92B79}.Release|x86.Build.0 = Release|x86
		{08ACD983-E889-4173-990B-5551AA0554D1}.Debug|Any CPU.ActiveCfg = Debug|Any CPU
		{08ACD983-E889-4173-990B-5551AA0554D1}.Debug|Any CPU.Build.0 = Debug|Any CPU
		{08ACD983-E889-4173-990B-5551AA0554D1}.Debug|x64.ActiveCfg = Debug|Any CPU
		{08ACD983-E889-4173-990B-5551AA0554D1}.Debug|x64.Build.0 = Debug|Any CPU
		{08ACD983-E889-4173-990B-5551AA0554D1}.Debug|x86.ActiveCfg = Debug|Any CPU
		{08ACD983-E889-4173-990B-5551AA0554D1}.Debug|x86.Build.0 = Debug|Any CPU
		{08ACD983-E889-4173-990B-5551AA0554D1}.Release|Any CPU.ActiveCfg = Release|Any CPU
		{08ACD983-E889-4173-990B-5551AA0554D1}.Release|Any CPU.Build.0 = Release|Any CPU
		{08ACD983-E889-4173-990B-5551AA0554D1}.Release|x64.ActiveCfg = Release|Any CPU
		{08ACD983-E889-4173-990B-5551AA0554D1}.Release|x64.Build.0 = Release|Any CPU
		{08ACD983-E889-4173-990B-5551AA0554D1}.Release|x86.ActiveCfg = Release|Any CPU
		{08ACD983-E889-4173-990B-5551AA0554D1}.Release|x86.Build.0 = Release|Any CPU
	EndGlobalSection
	GlobalSection(SolutionProperties) = preSolution
		HideSolutionNode = FALSE
	EndGlobalSection
	GlobalSection(NestedProjects) = preSolution
		{76763C3F-2E62-40C3-B9CD-E847410C4264} = {9264AA8A-3246-4516-A10F-14E1D003FE85}
		{1CB315FC-2C10-493C-9BFF-7AF43385411C} = {9264AA8A-3246-4516-A10F-14E1D003FE85}
		{D2D287B7-FF6A-43D4-841C-6279B6B92B79} = {158166EF-CFC2-446E-9BCC-C22B1FA4C9D4}
		{08ACD983-E889-4173-990B-5551AA0554D1} = {158166EF-CFC2-446E-9BCC-C22B1FA4C9D4}
	EndGlobalSection
	GlobalSection(TeamFoundationVersionControl) = preSolution
		SccNumberOfProjects = 5
		SccEnterpriseProvider = {4CA58AB2-18FA-4F8D-95D4-32DDF27D184C}
		SccTeamFoundationServer = https://fairfieldtek.visualstudio.com/
		SccLocalPath0 = .
		SccProjectUniqueName1 = Examples\\FairfieldTekLLC.Tiny.Udp.Example.Client.Mono\\FairfieldTekLLC.Tiny.Udp.Example.Client.Mono.csproj
		SccProjectTopLevelParentUniqueName1 = FairfieldTekLLC.Tiny.Udp.sln
		SccProjectName1 = Examples/FairfieldTekLLC.Tiny.Udp.Example.Client.Mono
		SccLocalPath1 = Examples\\FairfieldTekLLC.Tiny.Udp.Example.Client.Mono
		SccProjectUniqueName2 = Examples\\FairfieldTekLLC.Tiny.Udp.Example.Server\\FairfieldTekLLC.Tiny.Udp.Example.Server.csproj
		SccProjectTopLevelParentUniqueName2 = FairfieldTekLLC.Tiny.Udp.sln
		SccProjectName2 = Examples/FairfieldTekLLC.Tiny.Udp.Example.Server
		SccLocalPath2 = Examples\\FairfieldTekLLC.Tiny.Udp.Example.Server
		SccProjectUniqueName3 = Server\\FairfieldTekLLC.Tiny.Udp.Server\\FairfieldTekLLC.Tiny.Udp.Server.csproj
		SccProjectTopLevelParentUniqueName3 = FairfieldTekLLC.Tiny.Udp.sln
		SccProjectName3 = Server/FairfieldTekLLC.Tiny.Udp.Server
		SccLocalPath3 = Server\\FairfieldTekLLC.Tiny.Udp.Server
		SccProjectUniqueName4 = Server\\FairfieldTekLLC.Tiny.Udp.Server.Common\\FairfieldTekLLC.Tiny.Udp.Server.Common.csproj
		SccProjectTopLevelParentUniqueName4 = FairfieldTekLLC.Tiny.Udp.sln
		SccProjectName4 = Server/FairfieldTekLLC.Tiny.Udp.Server.Common
		SccLocalPath4 = Server\\FairfieldTekLLC.Tiny.Udp.Server.Common
	EndGlobalSection
EndGlobal
